
Microsoft Visual Studio Solution File, Format Version 12.00
# Visual Studio Version 16
VisualStudioVersion = 16.0.29318.209
MinimumVisualStudioVersion = 10.0.40219.1
Project("{FAE04EC0-301F-11D3-BF4B-00C04F79EFBC}") = "PojectGANkurs", "PojectGANkurs\PojectGANkurs.csproj", "{7084DC39-74BC-4F47-B8C2-8741DCA64DE6}"
EndProject
Project("{FAE04EC0-301F-11D3-BF4B-00C04F79EFBC}") = "autortest", "autortest\autortest.csproj", "{2C931877-4A27-46B3-B017-C5DD80E7B453}"
EndProject
Project("{FAE04EC0-301F-11D3-BF4B-00C04F79EFBC}") = "patienceaddtest", "UnitTestProject1\patienceaddtest.csproj", "{58CD0819-F10B-4916-BA8C-F106D7E0734F}"
EndProject
Project("{FAE04EC0-301F-11D3-BF4B-00C04F79EFBC}") = "Searchpatiencttest", "UnitTestProject2\Searchpatiencttest.csproj", "{C5E2D7A8-AAB6-4FDE-A694-AF49A5EEEC2D}"
EndProject
Project("{FAE04EC0-301F-11D3-BF4B-00C04F79EFBC}") = "deletepatience", "UnitTestProject3\deletepatience.csproj", "{FCBFEDA3-5504-4BCB-910C-79D8756164D7}"
EndProject
Project("{FAE04EC0-301F-11D3-BF4B-00C04F79EFBC}") = "recordautotest", "UnitTestProject4\recordautotest.csproj", "{FDD402AE-0202-4FDC-A173-5888CE6999EB}"
EndProject
Project("{FAE04EC0-301F-11D3-BF4B-00C04F79EFBC}") = "Patienceinfoupdatetest", "UnitTestProject5\Patienceinfoupdatetest.csproj", "{E18F2C8A-11F6-40E2-BC24-887C6C0EA221}"
EndProject
Project("{FAE04EC0-301F-11D3-BF4B-00C04F79EFBC}") = "raspgrouptest", "UnitTestProject6\raspgrouptest.csproj", "{95921117-C0D9-445D-837F-425F06B421F6}"
EndProject
Project("{FAE04EC0-301F-11D3-BF4B-00C04F79EFBC}") = "checkpointresult", "UnitTestProject7\checkpointresult.csproj", "{CDACC1A3-5E2E-4D0F-BC08-9C9D04F22A3E}"
EndProject
Project("{FAE04EC0-301F-11D3-BF4B-00C04F79EFBC}") = "Docinfoupdate", "UnitTestProject8\Docinfoupdate.csproj", "{B1291511-C361-4275-A4D2-A8CCC62FA572}"
EndProject
Project("{FAE04EC0-301F-11D3-BF4B-00C04F79EFBC}") = "changerecordtest", "UnitTestProject9\changerecordtest.csproj", "{F4318967-2329-4C14-BB44-8882C2812A28}"
EndProject
Global
	GlobalSection(SolutionConfigurationPlatforms) = preSolution
		Debug|Any CPU = Debug|Any CPU
		Debug|ARM = Debug|ARM
		Debug|ARM64 = Debug|ARM64
		Debug|x64 = Debug|x64
		Debug|x86 = Debug|x86
		Release|Any CPU = Release|Any CPU
		Release|ARM = Release|ARM
		Release|ARM64 = Release|ARM64
		Release|x64 = Release|x64
		Release|x86 = Release|x86
	EndGlobalSection
	GlobalSection(ProjectConfigurationPlatforms) = postSolution
		{7084DC39-74BC-4F47-B8C2-8741DCA64DE6}.Debug|Any CPU.ActiveCfg = Debug|Any CPU
		{7084DC39-74BC-4F47-B8C2-8741DCA64DE6}.Debug|Any CPU.Build.0 = Debug|Any CPU
		{7084DC39-74BC-4F47-B8C2-8741DCA64DE6}.Debug|ARM.ActiveCfg = Debug|Any CPU
		{7084DC39-74BC-4F47-B8C2-8741DCA64DE6}.Debug|ARM.Build.0 = Debug|Any CPU
		{7084DC39-74BC-4F47-B8C2-8741DCA64DE6}.Debug|ARM64.ActiveCfg = Debug|Any CPU
		{7084DC39-74BC-4F47-B8C2-8741DCA64DE6}.Debug|ARM64.Build.0 = Debug|Any CPU
		{7084DC39-74BC-4F47-B8C2-8741DCA64DE6}.Debug|x64.ActiveCfg = Debug|Any CPU
		{7084DC39-74BC-4F47-B8C2-8741DCA64DE6}.Debug|x64.Build.0 = Debug|Any CPU
		{7084DC39-74BC-4F47-B8C2-8741DCA64DE6}.Debug|x86.ActiveCfg = Debug|Any CPU
		{7084DC39-74BC-4F47-B8C2-8741DCA64DE6}.Debug|x86.Build.0 = Debug|Any CPU
		{7084DC39-74BC-4F47-B8C2-8741DCA64DE6}.Release|Any CPU.ActiveCfg = Release|Any CPU
		{7084DC39-74BC-4F47-B8C2-8741DCA64DE6}.Release|Any CPU.Build.0 = Release|Any CPU
		{7084DC39-74BC-4F47-B8C2-8741DCA64DE6}.Release|ARM.ActiveCfg = Release|Any CPU
		{7084DC39-74BC-4F47-B8C2-8741DCA64DE6}.Release|ARM.Build.0 = Release|Any CPU
		{7084DC39-74BC-4F47-B8C2-8741DCA64DE6}.Release|ARM64.ActiveCfg = Release|Any CPU
		{7084DC39-74BC-4F47-B8C2-8741DCA64DE6}.Release|ARM64.Build.0 = Release|Any CPU
		{7084DC39-74BC-4F47-B8C2-8741DCA64DE6}.Release|x64.ActiveCfg = Release|Any CPU
		{7084DC39-74BC-4F47-B8C2-8741DCA64DE6}.Release|x64.Build.0 = Release|Any CPU
		{7084DC39-74BC-4F47-B8C2-8741DCA64DE6}.Release|x86.ActiveCfg = Release|Any CPU
		{7084DC39-74BC-4F47-B8C2-8741DCA64DE6}.Release|x86.Build.0 = Release|Any CPU
		{2C931877-4A27-46B3-B017-C5DD80E7B453}.Debug|Any CPU.ActiveCfg = Debug|Any CPU
		{2C931877-4A27-46B3-B017-C5DD80E7B453}.Debug|Any CPU.Build.0 = Debug|Any CPU
		{2C931877-4A27-46B3-B017-C5DD80E7B453}.Debug|ARM.ActiveCfg = Debug|Any CPU
		{2C931877-4A27-46B3-B017-C5DD80E7B453}.Debug|ARM.Build.0 = Debug|Any CPU
		{2C931877-4A27-46B3-B017-C5DD80E7B453}.Debug|ARM64.ActiveCfg = Debug|Any CPU
		{2C931877-4A27-46B3-B017-C5DD80E7B453}.Debug|ARM64.Build.0 = Debug|Any CPU
		{2C931877-4A27-46B3-B017-C5DD80E7B453}.Debug|x64.ActiveCfg = Debug|Any CPU
		{2C931877-4A27-46B3-B017-C5DD80E7B453}.Debug|x64.Build.0 = Debug|Any CPU
		{2C931877-4A27-46B3-B017-C5DD80E7B453}.Debug|x86.ActiveCfg = Debug|Any CPU
		{2C931877-4A27-46B3-B017-C5DD80E7B453}.Debug|x86.Build.0 = Debug|Any CPU
		{2C931877-4A27-46B3-B017-C5DD80E7B453}.Release|Any CPU.ActiveCfg = Release|Any CPU
		{2C931877-4A27-46B3-B017-C5DD80E7B453}.Release|Any CPU.Build.0 = Release|Any CPU
		{2C931877-4A27-46B3-B017-C5DD80E7B453}.Release|ARM.ActiveCfg = Release|Any CPU
		{2C931877-4A27-46B3-B017-C5DD80E7B453}.Release|ARM.Build.0 = Release|Any CPU
		{2C931877-4A27-46B3-B017-C5DD80E7B453}.Release|ARM64.ActiveCfg = Release|Any CPU
		{2C931877-4A27-46B3-B017-C5DD80E7B453}.Release|ARM64.Build.0 = Release|Any CPU
		{2C931877-4A27-46B3-B017-C5DD80E7B453}.Release|x64.ActiveCfg = Release|Any CPU
		{2C931877-4A27-46B3-B017-C5DD80E7B453}.Release|x64.Build.0 = Release|Any CPU
		{2C931877-4A27-46B3-B017-C5DD80E7B453}.Release|x86.ActiveCfg = Release|Any CPU
		{2C931877-4A27-46B3-B017-C5DD80E7B453}.Release|x86.Build.0 = Release|Any CPU
		{58CD0819-F10B-4916-BA8C-F106D7E0734F}.Debug|Any CPU.ActiveCfg = Debug|Any CPU
		{58CD0819-F10B-4916-BA8C-F106D7E0734F}.Debug|Any CPU.Build.0 = Debug|Any CPU
		{58CD0819-F10B-4916-BA8C-F106D7E0734F}.Debug|ARM.ActiveCfg = Debug|Any CPU
		{58CD0819-F10B-4916-BA8C-F106D7E0734F}.Debug|ARM.Build.0 = Debug|Any CPU
		{58CD0819-F10B-4916-BA8C-F106D7E0734F}.Debug|ARM64.ActiveCfg = Debug|Any CPU
		{58CD0819-F10B-4916-BA8C-F106D7E0734F}.Debug|ARM64.Build.0 = Debug|Any CPU
		{58CD0819-F10B-4916-BA8C-F106D7E0734F}.Debug|x64.ActiveCfg = Debug|Any CPU
		{58CD0819-F10B-4916-BA8C-F106D7E0734F}.Debug|x64.Build.0 = Debug|Any CPU
		{58CD0819-F10B-4916-BA8C-F106D7E0734F}.Debug|x86.ActiveCfg = Debug|Any CPU
		{58CD0819-F10B-4916-BA8C-F106D7E0734F}.Debug|x86.Build.0 = Debug|Any CPU
		{58CD0819-F10B-4916-BA8C-F106D7E0734F}.Release|Any CPU.ActiveCfg = Release|Any CPU
		{58CD0819-F10B-4916-BA8C-F106D7E0734F}.Release|Any CPU.Build.0 = Release|Any CPU
		{58CD0819-F10B-4916-BA8C-F106D7E0734F}.Release|ARM.ActiveCfg = Release|Any CPU
		{58CD0819-F10B-4916-BA8C-F106D7E0734F}.Release|ARM.Build.0 = Release|Any CPU
		{58CD0819-F10B-4916-BA8C-F106D7E0734F}.Release|ARM64.ActiveCfg = Release|Any CPU
		{58CD0819-F10B-4916-BA8C-F106D7E0734F}.Release|ARM64.Build.0 = Release|Any CPU
		{58CD0819-F10B-4916-BA8C-F106D7E0734F}.Release|x64.ActiveCfg = Release|Any CPU
		{58CD0819-F10B-4916-BA8C-F106D7E0734F}.Release|x64.Build.0 = Release|Any CPU
		{58CD0819-F10B-4916-BA8C-F106D7E0734F}.Release|x86.ActiveCfg = Release|Any CPU
		{58CD0819-F10B-4916-BA8C-F106D7E0734F}.Release|x86.Build.0 = Release|Any CPU
		{C5E2D7A8-AAB6-4FDE-A694-AF49A5EEEC2D}.Debug|Any CPU.ActiveCfg = Debug|Any CPU
		{C5E2D7A8-AAB6-4FDE-A694-AF49A5EEEC2D}.Debug|Any CPU.Build.0 = Debug|Any CPU
		{C5E2D7A8-AAB6-4FDE-A694-AF49A5EEEC2D}.Debug|ARM.ActiveCfg = Debug|Any CPU
		{C5E2D7A8-AAB6-4FDE-A694-AF49A5EEEC2D}.Debug|ARM.Build.0 = Debug|Any CPU
		{C5E2D7A8-AAB6-4FDE-A694-AF49A5EEEC2D}.Debug|ARM64.ActiveCfg = Debug|Any CPU
		{C5E2D7A8-AAB6-4FDE-A694-AF49A5EEEC2D}.Debug|ARM64.Build.0 = Debug|Any CPU
		{C5E2D7A8-AAB6-4FDE-A694-AF49A5EEEC2D}.Debug|x64.ActiveCfg = Debug|Any CPU
		{C5E2D7A8-AAB6-4FDE-A694-AF49A5EEEC2D}.Debug|x64.Build.0 = Debug|Any CPU
		{C5E2D7A8-AAB6-4FDE-A694-AF49A5EEEC2D}.Debug|x86.ActiveCfg = Debug|Any CPU
		{C5E2D7A8-AAB6-4FDE-A694-AF49A5EEEC2D}.Debug|x86.Build.0 = Debug|Any CPU
		{C5E2D7A8-AAB6-4FDE-A694-AF49A5EEEC2D}.Release|Any CPU.ActiveCfg = Release|Any CPU
		{C5E2D7A8-AAB6-4FDE-A694-AF49A5EEEC2D}.Release|Any CPU.Build.0 = Release|Any CPU
		{C5E2D7A8-AAB6-4FDE-A694-AF49A5EEEC2D}.Release|ARM.ActiveCfg = Release|Any CPU
		{C5E2D7A8-AAB6-4FDE-A694-AF49A5EEEC2D}.Release|ARM.Build.0 = Release|Any CPU
		{C5E2D7A8-AAB6-4FDE-A694-AF49A5EEEC2D}.Release|ARM64.ActiveCfg = Release|Any CPU
		{C5E2D7A8-AAB6-4FDE-A694-AF49A5EEEC2D}.Release|ARM64.Build.0 = Release|Any CPU
		{C5E2D7A8-AAB6-4FDE-A694-AF49A5EEEC2D}.Release|x64.ActiveCfg = Release|Any CPU
		{C5E2D7A8-AAB6-4FDE-A694-AF49A5EEEC2D}.Release|x64.Build.0 = Release|Any CPU
		{C5E2D7A8-AAB6-4FDE-A694-AF49A5EEEC2D}.Release|x86.ActiveCfg = Release|Any CPU
		{C5E2D7A8-AAB6-4FDE-A694-AF49A5EEEC2D}.Release|x86.Build.0 = Release|Any CPU
		{FCBFEDA3-5504-4BCB-910C-79D8756164D7}.Debug|Any CPU.ActiveCfg = Debug|Any CPU
		{FCBFEDA3-5504-4BCB-910C-79D8756164D7}.Debug|Any CPU.Build.0 = Debug|Any CPU
		{FCBFEDA3-5504-4BCB-910C-79D8756164D7}.Debug|ARM.ActiveCfg = Debug|Any CPU
		{FCBFEDA3-5504-4BCB-910C-79D8756164D7}.Debug|ARM.Build.0 = Debug|Any CPU
		{FCBFEDA3-5504-4BCB-910C-79D8756164D7}.Debug|ARM64.ActiveCfg = Debug|Any CPU
		{FCBFEDA3-5504-4BCB-910C-79D8756164D7}.Debug|ARM64.Build.0 = Debug|Any CPU
		{FCBFEDA3-5504-4BCB-910C-79D8756164D7}.Debug|x64.ActiveCfg = Debug|Any CPU
		{FCBFEDA3-5504-4BCB-910C-79D8756164D7}.Debug|x64.Build.0 = Debug|Any CPU
		{FCBFEDA3-5504-4BCB-910C-79D8756164D7}.Debug|x86.ActiveCfg = Debug|Any CPU
		{FCBFEDA3-5504-4BCB-910C-79D8756164D7}.Debug|x86.Build.0 = Debug|Any CPU
		{FCBFEDA3-5504-4BCB-910C-79D8756164D7}.Release|Any CPU.ActiveCfg = Release|Any CPU
		{FCBFEDA3-5504-4BCB-910C-79D8756164D7}.Release|Any CPU.Build.0 = Release|Any CPU
		{FCBFEDA3-5504-4BCB-910C-79D8756164D7}.Release|ARM.ActiveCfg = Release|Any CPU
		{FCBFEDA3-5504-4BCB-910C-79D8756164D7}.Release|ARM.Build.0 = Release|Any CPU
		{FCBFEDA3-5504-4BCB-910C-79D8756164D7}.Release|ARM64.ActiveCfg = Release|Any CPU
		{FCBFEDA3-5504-4BCB-910C-79D8756164D7}.Release|ARM64.Build.0 = Release|Any CPU
		{FCBFEDA3-5504-4BCB-910C-79D8756164D7}.Release|x64.ActiveCfg = Release|Any CPU
		{FCBFEDA3-5504-4BCB-910C-79D8756164D7}.Release|x64.Build.0 = Release|Any CPU
		{FCBFEDA3-5504-4BCB-910C-79D8756164D7}.Release|x86.ActiveCfg = Release|Any CPU
		{FCBFEDA3-5504-4BCB-910C-79D8756164D7}.Release|x86.Build.0 = Release|Any CPU
		{FDD402AE-0202-4FDC-A173-5888CE6999EB}.Debug|Any CPU.ActiveCfg = Debug|Any CPU
		{FDD402AE-0202-4FDC-A173-5888CE6999EB}.Debug|Any CPU.Build.0 = Debug|Any CPU
		{FDD402AE-0202-4FDC-A173-5888CE6999EB}.Debug|ARM.ActiveCfg = Debug|Any CPU
		{FDD402AE-0202-4FDC-A173-5888CE6999EB}.Debug|ARM.Build.0 = Debug|Any CPU
		{FDD402AE-0202-4FDC-A173-5888CE6999EB}.Debug|ARM64.ActiveCfg = Debug|Any CPU
		{FDD402AE-0202-4FDC-A173-5888CE6999EB}.Debug|ARM64.Build.0 = Debug|Any CPU
		{FDD402AE-0202-4FDC-A173-5888CE6999EB}.Debug|x64.ActiveCfg = Debug|Any CPU
		{FDD402AE-0202-4FDC-A173-5888CE6999EB}.Debug|x64.Build.0 = Debug|Any CPU
		{FDD402AE-0202-4FDC-A173-5888CE6999EB}.Debug|x86.ActiveCfg = Debug|Any CPU
		{FDD402AE-0202-4FDC-A173-5888CE6999EB}.Debug|x86.Build.0 = Debug|Any CPU
		{FDD402AE-0202-4FDC-A173-5888CE6999EB}.Release|Any CPU.ActiveCfg = Release|Any CPU
		{FDD402AE-0202-4FDC-A173-5888CE6999EB}.Release|Any CPU.Build.0 = Release|Any CPU
		{FDD402AE-0202-4FDC-A173-5888CE6999EB}.Release|ARM.ActiveCfg = Release|Any CPU
		{FDD402AE-0202-4FDC-A173-5888CE6999EB}.Release|ARM.Build.0 = Release|Any CPU
		{FDD402AE-0202-4FDC-A173-5888CE6999EB}.Release|ARM64.ActiveCfg = Release|Any CPU
		{FDD402AE-0202-4FDC-A173-5888CE6999EB}.Release|ARM64.Build.0 = Release|Any CPU
		{FDD402AE-0202-4FDC-A173-5888CE6999EB}.Release|x64.ActiveCfg = Release|Any CPU
		{FDD402AE-0202-4FDC-A173-5888CE6999EB}.Release|x64.Build.0 = Release|Any CPU
		{FDD402AE-0202-4FDC-A173-5888CE6999EB}.Release|x86.ActiveCfg = Release|Any CPU
		{FDD402AE-0202-4FDC-A173-5888CE6999EB}.Release|x86.Build.0 = Release|Any CPU
		{E18F2C8A-11F6-40E2-BC24-887C6C0EA221}.Debug|Any CPU.ActiveCfg = Debug|Any CPU
		{E18F2C8A-11F6-40E2-BC24-887C6C0EA221}.Debug|Any CPU.Build.0 = Debug|Any CPU
		{E18F2C8A-11F6-40E2-BC24-887C6C0EA221}.Debug|ARM.ActiveCfg = Debug|Any CPU
		{E18F2C8A-11F6-40E2-BC24-887C6C0EA221}.Debug|ARM.Build.0 = Debug|Any CPU
		{E18F2C8A-11F6-40E2-BC24-887C6C0EA221}.Debug|ARM64.ActiveCfg = Debug|Any CPU
		{E18F2C8A-11F6-40E2-BC24-887C6C0EA221}.Debug|ARM64.Build.0 = Debug|Any CPU
		{E18F2C8A-11F6-40E2-BC24-887C6C0EA221}.Debug|x64.ActiveCfg = Debug|Any CPU
		{E18F2C8A-11F6-40E2-BC24-887C6C0EA221}.Debug|x64.Build.0 = Debug|Any CPU
		{E18F2C8A-11F6-40E2-BC24-887C6C0EA221}.Debug|x86.ActiveCfg = Debug|Any CPU
		{E18F2C8A-11F6-40E2-BC24-887C6C0EA221}.Debug|x86.Build.0 = Debug|Any CPU
		{E18F2C8A-11F6-40E2-BC24-887C6C0EA221}.Release|Any CPU.ActiveCfg = Release|Any CPU
		{E18F2C8A-11F6-40E2-BC24-887C6C0EA221}.Release|Any CPU.Build.0 = Release|Any CPU
		{E18F2C8A-11F6-40E2-BC24-887C6C0EA221}.Release|ARM.ActiveCfg = Release|Any CPU
		{E18F2C8A-11F6-40E2-BC24-887C6C0EA221}.Release|ARM.Build.0 = Release|Any CPU
		{E18F2C8A-11F6-40E2-BC24-887C6C0EA221}.Release|ARM64.ActiveCfg = Release|Any CPU
		{E18F2C8A-11F6-40E2-BC24-887C6C0EA221}.Release|ARM64.Build.0 = Release|Any CPU
		{E18F2C8A-11F6-40E2-BC24-887C6C0EA221}.Release|x64.ActiveCfg = Release|Any CPU
		{E18F2C8A-11F6-40E2-BC24-887C6C0EA221}.Release|x64.Build.0 = Release|Any CPU
		{E18F2C8A-11F6-40E2-BC24-887C6C0EA221}.Release|x86.ActiveCfg = Release|Any CPU
		{E18F2C8A-11F6-40E2-BC24-887C6C0EA221}.Release|x86.Build.0 = Release|Any CPU
		{95921117-C0D9-445D-837F-425F06B421F6}.Debug|Any CPU.ActiveCfg = Debug|Any CPU
		{95921117-C0D9-445D-837F-425F06B421F6}.Debug|Any CPU.Build.0 = Debug|Any CPU
		{95921117-C0D9-445D-837F-425F06B421F6}.Debug|ARM.ActiveCfg = Debug|Any CPU
		{95921117-C0D9-445D-837F-425F06B421F6}.Debug|ARM.Build.0 = Debug|Any CPU
		{95921117-C0D9-445D-837F-425F06B421F6}.Debug|ARM64.ActiveCfg = Debug|Any CPU
		{95921117-C0D9-445D-837F-425F06B421F6}.Debug|ARM64.Build.0 = Debug|Any CPU
		{95921117-C0D9-445D-837F-425F06B421F6}.Debug|x64.ActiveCfg = Debug|Any CPU
		{95921117-C0D9-445D-837F-425F06B421F6}.Debug|x64.Build.0 = Debug|Any CPU
		{95921117-C0D9-445D-837F-425F06B421F6}.Debug|x86.ActiveCfg = Debug|Any CPU
		{95921117-C0D9-445D-837F-425F06B421F6}.Debug|x86.Build.0 = Debug|Any CPU
		{95921117-C0D9-445D-837F-425F06B421F6}.Release|Any CPU.ActiveCfg = Release|Any CPU
		{95921117-C0D9-445D-837F-425F06B421F6}.Release|Any CPU.Build.0 = Release|Any CPU
		{95921117-C0D9-445D-837F-425F06B421F6}.Release|ARM.ActiveCfg = Release|Any CPU
		{95921117-C0D9-445D-837F-425F06B421F6}.Release|ARM.Build.0 = Release|Any CPU
		{95921117-C0D9-445D-837F-425F06B421F6}.Release|ARM64.ActiveCfg = Release|Any CPU
		{95921117-C0D9-445D-837F-425F06B421F6}.Release|ARM64.Build.0 = Release|Any CPU
		{95921117-C0D9-445D-837F-425F06B421F6}.Release|x64.ActiveCfg = Release|Any CPU
		{95921117-C0D9-445D-837F-425F06B421F6}.Release|x64.Build.0 = Release|Any CPU
		{95921117-C0D9-445D-837F-425F06B421F6}.Release|x86.ActiveCfg = Release|Any CPU
		{95921117-C0D9-445D-837F-425F06B421F6}.Release|x86.Build.0 = Release|Any CPU
		{CDACC1A3-5E2E-4D0F-BC08-9C9D04F22A3E}.Debug|Any CPU.ActiveCfg = Debug|Any CPU
		{CDACC1A3-5E2E-4D0F-BC08-9C9D04F22A3E}.Debug|Any CPU.Build.0 = Debug|Any CPU
		{CDACC1A3-5E2E-4D0F-BC08-9C9D04F22A3E}.Debug|ARM.ActiveCfg = Debug|Any CPU
		{CDACC1A3-5E2E-4D0F-BC08-9C9D04F22A3E}.Debug|ARM.Build.0 = Debug|Any CPU
		{CDACC1A3-5E2E-4D0F-BC08-9C9D04F22A3E}.Debug|ARM64.ActiveCfg = Debug|Any CPU
		{CDACC1A3-5E2E-4D0F-BC08-9C9D04F22A3E}.Debug|ARM64.Build.0 = Debug|Any CPU
		{CDACC1A3-5E2E-4D0F-BC08-9C9D04F22A3E}.Debug|x64.ActiveCfg = Debug|Any CPU
		{CDACC1A3-5E2E-4D0F-BC08-9C9D04F22A3E}.Debug|x64.Build.0 = Debug|Any CPU
		{CDACC1A3-5E2E-4D0F-BC08-9C9D04F22A3E}.Debug|x86.ActiveCfg = Debug|Any CPU
		{CDACC1A3-5E2E-4D0F-BC08-9C9D04F22A3E}.Debug|x86.Build.0 = Debug|Any CPU
		{CDACC1A3-5E2E-4D0F-BC08-9C9D04F22A3E}.Release|Any CPU.ActiveCfg = Release|Any CPU
		{CDACC1A3-5E2E-4D0F-BC08-9C9D04F22A3E}.Release|Any CPU.Build.0 = Release|Any CPU
		{CDACC1A3-5E2E-4D0F-BC08-9C9D04F22A3E}.Release|ARM.ActiveCfg = Release|Any CPU
		{CDACC1A3-5E2E-4D0F-BC08-9C9D04F22A3E}.Release|ARM.Build.0 = Release|Any CPU
		{CDACC1A3-5E2E-4D0F-BC08-9C9D04F22A3E}.Release|ARM64.ActiveCfg = Release|Any CPU
		{CDACC1A3-5E2E-4D0F-BC08-9C9D04F22A3E}.Release|ARM64.Build.0 = Release|Any CPU
		{CDACC1A3-5E2E-4D0F-BC08-9C9D04F22A3E}.Release|x64.ActiveCfg = Release|Any CPU
		{CDACC1A3-5E2E-4D0F-BC08-9C9D04F22A3E}.Release|x64.Build.0 = Release|Any CPU
		{CDACC1A3-5E2E-4D0F-BC08-9C9D04F22A3E}.Release|x86.ActiveCfg = Release|Any CPU
		{CDACC1A3-5E2E-4D0F-BC08-9C9D04F22A3E}.Release|x86.Build.0 = Release|Any CPU
		{B1291511-C361-4275-A4D2-A8CCC62FA572}.Debug|Any CPU.ActiveCfg = Debug|Any CPU
		{B1291511-C361-4275-A4D2-A8CCC62FA572}.Debug|Any CPU.Build.0 = Debug|Any CPU
		{B1291511-C361-4275-A4D2-A8CCC62FA572}.Debug|ARM.ActiveCfg = Debug|Any CPU
		{B1291511-C361-4275-A4D2-A8CCC62FA572}.Debug|ARM.Build.0 = Debug|Any CPU
		{B1291511-C361-4275-A4D2-A8CCC62FA572}.Debug|ARM64.ActiveCfg = Debug|Any CPU
		{B1291511-C361-4275-A4D2-A8CCC62FA572}.Debug|ARM64.Build.0 = Debug|Any CPU
		{B1291511-C361-4275-A4D2-A8CCC62FA572}.Debug|x64.ActiveCfg = Debug|Any CPU
		{B1291511-C361-4275-A4D2-A8CCC62FA572}.Debug|x64.Build.0 = Debug|Any CPU
		{B1291511-C361-4275-A4D2-A8CCC62FA572}.Debug|x86.ActiveCfg = Debug|Any CPU
		{B1291511-C361-4275-A4D2-A8CCC62FA572}.Debug|x86.Build.0 = Debug|Any CPU
		{B1291511-C361-4275-A4D2-A8CCC62FA572}.Release|Any CPU.ActiveCfg = Release|Any CPU
		{B1291511-C361-4275-A4D2-A8CCC62FA572}.Release|Any CPU.Build.0 = Release|Any CPU
		{B1291511-C361-4275-A4D2-A8CCC62FA572}.Release|ARM.ActiveCfg = Release|Any CPU
		{B1291511-C361-4275-A4D2-A8CCC62FA572}.Release|ARM.Build.0 = Release|Any CPU
		{B1291511-C361-4275-A4D2-A8CCC62FA572}.Release|ARM64.ActiveCfg = Release|Any CPU
		{B1291511-C361-4275-A4D2-A8CCC62FA572}.Release|ARM64.Build.0 = Release|Any CPU
		{B1291511-C361-4275-A4D2-A8CCC62FA572}.Release|x64.ActiveCfg = Release|Any CPU
		{B1291511-C361-4275-A4D2-A8CCC62FA572}.Release|x64.Build.0 = Release|Any CPU
		{B1291511-C361-4275-A4D2-A8CCC62FA572}.Release|x86.ActiveCfg = Release|Any CPU
		{B1291511-C361-4275-A4D2-A8CCC62FA572}.Release|x86.Build.0 = Release|Any CPU
		{F4318967-2329-4C14-BB44-8882C2812A28}.Debug|Any CPU.ActiveCfg = Debug|Any CPU
		{F4318967-2329-4C14-BB44-8882C2812A28}.Debug|Any CPU.Build.0 = Debug|Any CPU
		{F4318967-2329-4C14-BB44-8882C2812A28}.Debug|ARM.ActiveCfg = Debug|Any CPU
		{F4318967-2329-4C14-BB44-8882C2812A28}.Debug|ARM.Build.0 = Debug|Any CPU
		{F4318967-2329-4C14-BB44-8882C2812A28}.Debug|ARM64.ActiveCfg = Debug|Any CPU
		{F4318967-2329-4C14-BB44-8882C2812A28}.Debug|ARM64.Build.0 = Debug|Any CPU
		{F4318967-2329-4C14-BB44-8882C2812A28}.Debug|x64.ActiveCfg = Debug|Any CPU
		{F4318967-2329-4C14-BB44-8882C2812A28}.Debug|x64.Build.0 = Debug|Any CPU
		{F4318967-2329-4C14-BB44-8882C2812A28}.Debug|x86.ActiveCfg = Debug|Any CPU
		{F4318967-2329-4C14-BB44-8882C2812A28}.Debug|x86.Build.0 = Debug|Any CPU
		{F4318967-2329-4C14-BB44-8882C2812A28}.Release|Any CPU.ActiveCfg = Release|Any CPU
		{F4318967-2329-4C14-BB44-8882C2812A28}.Release|Any CPU.Build.0 = Release|Any CPU
		{F4318967-2329-4C14-BB44-8882C2812A28}.Release|ARM.ActiveCfg = Release|Any CPU
		{F4318967-2329-4C14-BB44-8882C2812A28}.Release|ARM.Build.0 = Release|Any CPU
		{F4318967-2329-4C14-BB44-8882C2812A28}.Release|ARM64.ActiveCfg = Release|Any CPU
		{F4318967-2329-4C14-BB44-8882C2812A28}.Release|ARM64.Build.0 = Release|Any CPU
		{F4318967-2329-4C14-BB44-8882C2812A28}.Release|x64.ActiveCfg = Release|Any CPU
		{F4318967-2329-4C14-BB44-8882C2812A28}.Release|x64.Build.0 = Release|Any CPU
		{F4318967-2329-4C14-BB44-8882C2812A28}.Release|x86.ActiveCfg = Release|Any CPU
		{F4318967-2329-4C14-BB44-8882C2812A28}.Release|x86.Build.0 = Release|Any CPU
	EndGlobalSection
	GlobalSection(SolutionProperties) = preSolution
		HideSolutionNode = FALSE
	EndGlobalSection
	GlobalSection(ExtensibilityGlobals) = postSolution
		SolutionGuid = {FF2A79F6-FB9C-425F-AB0A-27F166AD1CFB}
	EndGlobalSection
EndGlobal
